// !$*UTF8*$!
{
	archiveVersion = 1;
	classes = {
	};
	objectVersion = 55;
	objects = {

/* Begin PBXBuildFile section */
		0B7DCF6E7688410D9EA5EC17 /* StatsStoreTests.swift in Sources */ = {isa = PBXBuildFile; fileRef = 388E3E479C6DCB4707993C61 /* StatsStoreTests.swift */; };
		1F27E2E80EB0AA9B5F3B320A /* TimerCoreTests.swift in Sources */ = {isa = PBXBuildFile; fileRef = 4F7E2E1A36F23D870F4446B1 /* TimerCoreTests.swift */; };
		1F9D7E2A5B6C4D3E8A9B0C1D /* EventCore.swift in Sources */ = {isa = PBXBuildFile; fileRef = 1F9D7E285B6C4D3E8A9B0C1D /* EventCore.swift */; };
		1F9D7E2B5B6C4D3E8A9B0C1D /* EventCore.swift in Sources */ = {isa = PBXBuildFile; fileRef = 1F9D7E285B6C4D3E8A9B0C1D /* EventCore.swift */; };
		1F9D7E2C5B6C4D3E8A9B0C1D /* EventCoreTests.swift in Sources */ = {isa = PBXBuildFile; fileRef = 1F9D7E295B6C4D3E8A9B0C1D /* EventCoreTests.swift */; };
		2BD256D799B7889555B3E09F /* SwiftState in Frameworks */ = {isa = PBXBuildFile; productRef = 8A8CFE3F2821D8C300F9F303 /* SwiftState */; };
		4C15FDB7CB99A3787BD262F1 /* tomattUITests.swift in Sources */ = {isa = PBXBuildFile; fileRef = 87073BDD98C2DE6CB206177B /* tomattUITests.swift */; };
		56A8C70D6B03D1C004020CF9 /* State.swift in Sources */ = {isa = PBXBuildFile; fileRef = 8A9F700827EE396E0012A1EC /* State.swift */; };
		57E5B41458275BC362B10EA5 /* Cocoa.framework in Frameworks */ = {isa = PBXBuildFile; fileRef = AA8B426215F805A3DC702485 /* Cocoa.framework */; };
		58A073A7F324A70E63FA70C6 /* StatsStore.swift in Sources */ = {isa = PBXBuildFile; fileRef = A1B2C3D45E6F001122334455 /* StatsStore.swift */; };
		5E71A0012F00000100AA0001 /* Settings in Frameworks */ = {isa = PBXBuildFile; productRef = 5E71A0032F00000100AA0003 /* Settings */; };
		877612D6CD6327DB95EC98E3 /* TimerCore.swift in Sources */ = {isa = PBXBuildFile; fileRef = 223680CF684E6505B786436F /* TimerCore.swift */; };
		8A21B78C27EE31A20009E5DB /* App.swift in Sources */ = {isa = PBXBuildFile; fileRef = 8A21B78B27EE31A20009E5DB /* App.swift */; };
		8A21B78E27EE31A20009E5DB /* View.swift in Sources */ = {isa = PBXBuildFile; fileRef = 8A21B78D27EE31A20009E5DB /* View.swift */; };
		8A21B79027EE31A30009E5DB /* Assets.xcassets in Resources */ = {isa = PBXBuildFile; fileRef = 8A21B78F27EE31A30009E5DB /* Assets.xcassets */; };
		8A7403A027FA19BB00E7F90B /* LaunchAtLogin in Frameworks */ = {isa = PBXBuildFile; productRef = 8A74039F27FA19BB00E7F90B /* LaunchAtLogin */; };
		8A8CFE402821D8C300F9F303 /* SwiftState in Frameworks */ = {isa = PBXBuildFile; productRef = 8A8CFE3F2821D8C300F9F303 /* SwiftState */; };
		8A9F700927EE396E0012A1EC /* State.swift in Sources */ = {isa = PBXBuildFile; fileRef = 8A9F700827EE396E0012A1EC /* State.swift */; };
		8A9F701927EE3DAF0012A1EC /* Timer.swift in Sources */ = {isa = PBXBuildFile; fileRef = 8A9F701827EE3DAF0012A1EC /* Timer.swift */; };
		8A9F701F27EE536D0012A1EC /* Player.swift in Sources */ = {isa = PBXBuildFile; fileRef = 8A9F701E27EE536D0012A1EC /* Player.swift */; };
		8AA5434A2930F008002A47FC /* Localizable.strings in Resources */ = {isa = PBXBuildFile; fileRef = 8AA54347293094AB002A47FC /* Localizable.strings */; };
		8AA5B3EB281295DB00BE1A6C /* KeyboardShortcuts in Frameworks */ = {isa = PBXBuildFile; productRef = 8AA5B3EA281295DB00BE1A6C /* KeyboardShortcuts */; };
		8AA5B3F22812A74600BE1A6C /* Notifications.swift in Sources */ = {isa = PBXBuildFile; fileRef = 8AA5B3F12812A74600BE1A6C /* Notifications.swift */; };
		8AEE49AF2AA75A5E00243D2F /* Log.swift in Sources */ = {isa = PBXBuildFile; fileRef = 8AEE49AE2AA75A5E00243D2F /* Log.swift */; };
		9EB9405C2B07605900198AD2 /* MaskView.swift in Sources */ = {isa = PBXBuildFile; fileRef = 9EB9405B2B07605900198AD2 /* MaskView.swift */; };
		A1B2C3D45E6F001122334456 /* StatsStore.swift in Sources */ = {isa = PBXBuildFile; fileRef = A1B2C3D45E6F001122334455 /* StatsStore.swift */; };
		A1B2C3D45E6F001122334458 /* StatsView.swift in Sources */ = {isa = PBXBuildFile; fileRef = A1B2C3D45E6F001122334457 /* StatsView.swift */; };
		AB2035D433978B43DE6C7022 /* TimerCore.swift in Sources */ = {isa = PBXBuildFile; fileRef = 223680CF684E6505B786436F /* TimerCore.swift */; };
		D045C8A63CA6AE9FD86A14AF /* Cocoa.framework in Frameworks */ = {isa = PBXBuildFile; fileRef = AA8B426215F805A3DC702485 /* Cocoa.framework */; };
		D51000022F10000100AA0002 /* DesignSystem.swift in Sources */ = {isa = PBXBuildFile; fileRef = D51000012F10000100AA0001 /* DesignSystem.swift */; };
		F00100000000000000000001 /* tomatt_sync.pb.swift in Sources */ = {isa = PBXBuildFile; fileRef = F00100000000000000000006 /* tomatt_sync.pb.swift */; };
		F00100000000000000000002 /* tomatt_sync.pb.swift in Sources */ = {isa = PBXBuildFile; fileRef = F00100000000000000000006 /* tomatt_sync.pb.swift */; };
		F00100000000000000000003 /* TomattSyncProtocolConventions.swift in Sources */ = {isa = PBXBuildFile; fileRef = F00100000000000000000007 /* TomattSyncProtocolConventions.swift */; };
		F00100000000000000000004 /* TomattSyncProtocolConventions.swift in Sources */ = {isa = PBXBuildFile; fileRef = F00100000000000000000007 /* TomattSyncProtocolConventions.swift */; };
		F00100000000000000000005 /* SyncProtocolCompatibilityTests.swift in Sources */ = {isa = PBXBuildFile; fileRef = F00100000000000000000008 /* SyncProtocolCompatibilityTests.swift */; };
		F0010000000000000000000E /* SwiftProtobuf in Frameworks */ = {isa = PBXBuildFile; productRef = F0010000000000000000000D /* SwiftProtobuf */; };
		F0010000000000000000000F /* SwiftProtobuf in Frameworks */ = {isa = PBXBuildFile; productRef = F0010000000000000000000D /* SwiftProtobuf */; };
		F00200000000000000000001 /* SyncCore.swift in Sources */ = {isa = PBXBuildFile; fileRef = F00200000000000000000007 /* SyncCore.swift */; };
		F00200000000000000000002 /* SyncCore.swift in Sources */ = {isa = PBXBuildFile; fileRef = F00200000000000000000007 /* SyncCore.swift */; };
		F00200000000000000000003 /* TomattSyncProtoMapper.swift in Sources */ = {isa = PBXBuildFile; fileRef = F00200000000000000000008 /* TomattSyncProtoMapper.swift */; };
		F00200000000000000000004 /* TomattSyncProtoMapper.swift in Sources */ = {isa = PBXBuildFile; fileRef = F00200000000000000000008 /* TomattSyncProtoMapper.swift */; };
		F00200000000000000000005 /* SyncCoreTests.swift in Sources */ = {isa = PBXBuildFile; fileRef = F00200000000000000000009 /* SyncCoreTests.swift */; };
		F00200000000000000000006 /* SyncProtoMapperTests.swift in Sources */ = {isa = PBXBuildFile; fileRef = F0020000000000000000000A /* SyncProtoMapperTests.swift */; };
		F00300000000000000000001 /* SyncSecurity.swift in Sources */ = {isa = PBXBuildFile; fileRef = F00300000000000000000004 /* SyncSecurity.swift */; };
		F00300000000000000000002 /* SyncSecurity.swift in Sources */ = {isa = PBXBuildFile; fileRef = F00300000000000000000004 /* SyncSecurity.swift */; };
		F00300000000000000000003 /* SyncSecurityTests.swift in Sources */ = {isa = PBXBuildFile; fileRef = F00300000000000000000005 /* SyncSecurityTests.swift */; };
		F00400000000000000000001 /* LANTransport.swift in Sources */ = {isa = PBXBuildFile; fileRef = F00400000000000000000004 /* LANTransport.swift */; };
		F00400000000000000000002 /* LANTransport.swift in Sources */ = {isa = PBXBuildFile; fileRef = F00400000000000000000004 /* LANTransport.swift */; };
		F00400000000000000000003 /* LANTransportTests.swift in Sources */ = {isa = PBXBuildFile; fileRef = F00400000000000000000005 /* LANTransportTests.swift */; };
		F00500000000000000000001 /* PairingCore.swift in Sources */ = {isa = PBXBuildFile; fileRef = F00500000000000000000004 /* PairingCore.swift */; };
		F00500000000000000000002 /* PairingCore.swift in Sources */ = {isa = PBXBuildFile; fileRef = F00500000000000000000004 /* PairingCore.swift */; };
		F00500000000000000000003 /* PairingCoreTests.swift in Sources */ = {isa = PBXBuildFile; fileRef = F00500000000000000000005 /* PairingCoreTests.swift */; };
		F00600000000000000000001 /* SyncSessionSecurity.swift in Sources */ = {isa = PBXBuildFile; fileRef = F00600000000000000000004 /* SyncSessionSecurity.swift */; };
		F00600000000000000000002 /* SyncSessionSecurity.swift in Sources */ = {isa = PBXBuildFile; fileRef = F00600000000000000000004 /* SyncSessionSecurity.swift */; };
		F00600000000000000000003 /* SyncSessionSecurityTests.swift in Sources */ = {isa = PBXBuildFile; fileRef = F00600000000000000000005 /* SyncSessionSecurityTests.swift */; };
		F00800000000000000000001 /* AntiEntropySyncEngine.swift in Sources */ = {isa = PBXBuildFile; fileRef = F00800000000000000000003 /* AntiEntropySyncEngine.swift */; };
		F00800000000000000000002 /* AntiEntropySyncEngine.swift in Sources */ = {isa = PBXBuildFile; fileRef = F00800000000000000000003 /* AntiEntropySyncEngine.swift */; };
		F00800000000000000000004 /* AntiEntropySyncEngineTests.swift in Sources */ = {isa = PBXBuildFile; fileRef = F00800000000000000000005 /* AntiEntropySyncEngineTests.swift */; };
		F00900000000000000000001 /* SyncSettingsModel.swift in Sources */ = {isa = PBXBuildFile; fileRef = F00900000000000000000004 /* SyncSettingsModel.swift */; };
		F00900000000000000000002 /* SyncSettingsModel.swift in Sources */ = {isa = PBXBuildFile; fileRef = F00900000000000000000004 /* SyncSettingsModel.swift */; };
		F00900000000000000000003 /* SyncSettingsView.swift in Sources */ = {isa = PBXBuildFile; fileRef = F00900000000000000000005 /* SyncSettingsView.swift */; };
		F00900000000000000000007 /* SyncSettingsModelTests.swift in Sources */ = {isa = PBXBuildFile; fileRef = F00900000000000000000006 /* SyncSettingsModelTests.swift */; };
/* End PBXBuildFile section */

/* Begin PBXContainerItemProxy section */
		A002D447E2B842C2A2EE1340 /* PBXContainerItemProxy */ = {
			isa = PBXContainerItemProxy;
			containerPortal = 8A21B78027EE31A20009E5DB /* Project object */;
			proxyType = 1;
			remoteGlobalIDString = 8A21B78727EE31A20009E5DB;
			remoteInfo = tomatt;
		};
/* End PBXContainerItemProxy section */

/* Begin PBXFileReference section */
		223680CF684E6505B786436F /* TimerCore.swift */ = {isa = PBXFileReference; includeInIndex = 1; lastKnownFileType = sourcecode.swift; path = TimerCore.swift; sourceTree = "<group>"; };
		1F9D7E285B6C4D3E8A9B0C1D /* EventCore.swift */ = {isa = PBXFileReference; includeInIndex = 1; lastKnownFileType = sourcecode.swift; path = EventCore.swift; sourceTree = "<group>"; };
		1F9D7E295B6C4D3E8A9B0C1D /* EventCoreTests.swift */ = {isa = PBXFileReference; includeInIndex = 1; lastKnownFileType = sourcecode.swift; path = EventCoreTests.swift; sourceTree = "<group>"; };
		388E3E479C6DCB4707993C61 /* StatsStoreTests.swift */ = {isa = PBXFileReference; includeInIndex = 1; lastKnownFileType = sourcecode.swift; path = StatsStoreTests.swift; sourceTree = "<group>"; };
		4CC11A472B6A28500012E8EC /* ko */ = {isa = PBXFileReference; lastKnownFileType = text.plist.strings; name = ko; path = ko.lproj/Localizable.strings; sourceTree = "<group>"; };
		4F7E2E1A36F23D870F4446B1 /* TimerCoreTests.swift */ = {isa = PBXFileReference; includeInIndex = 1; lastKnownFileType = sourcecode.swift; path = TimerCoreTests.swift; sourceTree = "<group>"; };
		8572FA031991DEC4085BEF53 /* tomattUITests.xctest */ = {isa = PBXFileReference; explicitFileType = wrapper.cfbundle; includeInIndex = 0; path = tomattUITests.xctest; sourceTree = BUILT_PRODUCTS_DIR; };
		87073BDD98C2DE6CB206177B /* tomattUITests.swift */ = {isa = PBXFileReference; includeInIndex = 1; lastKnownFileType = sourcecode.swift; path = tomattUITests.swift; sourceTree = "<group>"; };
		8A21B78827EE31A20009E5DB /* tomatt.app */ = {isa = PBXFileReference; explicitFileType = wrapper.application; includeInIndex = 0; path = tomatt.app; sourceTree = BUILT_PRODUCTS_DIR; };
		8A21B78B27EE31A20009E5DB /* App.swift */ = {isa = PBXFileReference; lastKnownFileType = sourcecode.swift; path = App.swift; sourceTree = "<group>"; };
		8A21B78D27EE31A20009E5DB /* View.swift */ = {isa = PBXFileReference; lastKnownFileType = sourcecode.swift; path = View.swift; sourceTree = "<group>"; };
		8A21B78F27EE31A30009E5DB /* Assets.xcassets */ = {isa = PBXFileReference; lastKnownFileType = folder.assetcatalog; path = Assets.xcassets; sourceTree = "<group>"; };
		8A21B79427EE31A30009E5DB /* tomatt.entitlements */ = {isa = PBXFileReference; lastKnownFileType = text.plist.entitlements; path = tomatt.entitlements; sourceTree = "<group>"; };
		8A9F700827EE396E0012A1EC /* State.swift */ = {isa = PBXFileReference; lastKnownFileType = sourcecode.swift; path = State.swift; sourceTree = "<group>"; };
		8A9F701827EE3DAF0012A1EC /* Timer.swift */ = {isa = PBXFileReference; lastKnownFileType = sourcecode.swift; path = Timer.swift; sourceTree = "<group>"; };
		8A9F701E27EE536D0012A1EC /* Player.swift */ = {isa = PBXFileReference; lastKnownFileType = sourcecode.swift; path = Player.swift; sourceTree = "<group>"; };
		8AA54346293094AB002A47FC /* en */ = {isa = PBXFileReference; lastKnownFileType = text.plist.strings; name = en; path = en.lproj/Localizable.strings; sourceTree = "<group>"; };
		8AA5B3F12812A74600BE1A6C /* Notifications.swift */ = {isa = PBXFileReference; lastKnownFileType = sourcecode.swift; path = Notifications.swift; sourceTree = "<group>"; };
		8AEE49AE2AA75A5E00243D2F /* Log.swift */ = {isa = PBXFileReference; fileEncoding = 4; lastKnownFileType = sourcecode.swift; path = Log.swift; sourceTree = "<group>"; };
		9E155026319C29FA989179EC /* tomattTests.xctest */ = {isa = PBXFileReference; explicitFileType = wrapper.cfbundle; includeInIndex = 0; path = tomattTests.xctest; sourceTree = BUILT_PRODUCTS_DIR; };
		9EB9405B2B07605900198AD2 /* MaskView.swift */ = {isa = PBXFileReference; lastKnownFileType = sourcecode.swift; path = MaskView.swift; sourceTree = "<group>"; };
		A1B2C3D45E6F001122334455 /* StatsStore.swift */ = {isa = PBXFileReference; lastKnownFileType = sourcecode.swift; path = StatsStore.swift; sourceTree = "<group>"; };
		A1B2C3D45E6F001122334457 /* StatsView.swift */ = {isa = PBXFileReference; lastKnownFileType = sourcecode.swift; path = StatsView.swift; sourceTree = "<group>"; };
		AA8B426215F805A3DC702485 /* Cocoa.framework */ = {isa = PBXFileReference; lastKnownFileType = wrapper.framework; name = Cocoa.framework; path = Platforms/MacOSX.platform/Developer/SDKs/MacOSX15.0.sdk/System/Library/Frameworks/Cocoa.framework; sourceTree = DEVELOPER_DIR; };
		C4C8DE0E2930DBB4003B1110 /* zh-Hans */ = {isa = PBXFileReference; lastKnownFileType = text.plist.strings; name = "zh-Hans"; path = "zh-Hans.lproj/Localizable.strings"; sourceTree = "<group>"; };
		D51000012F10000100AA0001 /* DesignSystem.swift */ = {isa = PBXFileReference; lastKnownFileType = sourcecode.swift; path = DesignSystem.swift; sourceTree = "<group>"; };
		F00100000000000000000006 /* tomatt_sync.pb.swift */ = {isa = PBXFileReference; includeInIndex = 1; lastKnownFileType = sourcecode.swift; path = tomatt/sync/v1/tomatt_sync.pb.swift; sourceTree = "<group>"; };
		F00100000000000000000007 /* TomattSyncProtocolConventions.swift */ = {isa = PBXFileReference; includeInIndex = 1; lastKnownFileType = sourcecode.swift; path = TomattSyncProtocolConventions.swift; sourceTree = "<group>"; };
		F00100000000000000000008 /* SyncProtocolCompatibilityTests.swift */ = {isa = PBXFileReference; includeInIndex = 1; lastKnownFileType = sourcecode.swift; path = SyncProtocolCompatibilityTests.swift; sourceTree = "<group>"; };
		F00200000000000000000007 /* SyncCore.swift */ = {isa = PBXFileReference; includeInIndex = 1; lastKnownFileType = sourcecode.swift; path = SyncCore.swift; sourceTree = "<group>"; };
		F00200000000000000000008 /* TomattSyncProtoMapper.swift */ = {isa = PBXFileReference; includeInIndex = 1; lastKnownFileType = sourcecode.swift; path = TomattSyncProtoMapper.swift; sourceTree = "<group>"; };
		F00200000000000000000009 /* SyncCoreTests.swift */ = {isa = PBXFileReference; includeInIndex = 1; lastKnownFileType = sourcecode.swift; path = SyncCoreTests.swift; sourceTree = "<group>"; };
		F0020000000000000000000A /* SyncProtoMapperTests.swift */ = {isa = PBXFileReference; includeInIndex = 1; lastKnownFileType = sourcecode.swift; path = SyncProtoMapperTests.swift; sourceTree = "<group>"; };
		F00300000000000000000004 /* SyncSecurity.swift */ = {isa = PBXFileReference; includeInIndex = 1; lastKnownFileType = sourcecode.swift; path = SyncSecurity.swift; sourceTree = "<group>"; };
		F00300000000000000000005 /* SyncSecurityTests.swift */ = {isa = PBXFileReference; includeInIndex = 1; lastKnownFileType = sourcecode.swift; path = SyncSecurityTests.swift; sourceTree = "<group>"; };
		F00400000000000000000004 /* LANTransport.swift */ = {isa = PBXFileReference; includeInIndex = 1; lastKnownFileType = sourcecode.swift; path = LANTransport.swift; sourceTree = "<group>"; };
		F00400000000000000000005 /* LANTransportTests.swift */ = {isa = PBXFileReference; includeInIndex = 1; lastKnownFileType = sourcecode.swift; path = LANTransportTests.swift; sourceTree = "<group>"; };
		F00500000000000000000004 /* PairingCore.swift */ = {isa = PBXFileReference; includeInIndex = 1; lastKnownFileType = sourcecode.swift; path = PairingCore.swift; sourceTree = "<group>"; };
		F00500000000000000000005 /* PairingCoreTests.swift */ = {isa = PBXFileReference; includeInIndex = 1; lastKnownFileType = sourcecode.swift; path = PairingCoreTests.swift; sourceTree = "<group>"; };
		F00600000000000000000004 /* SyncSessionSecurity.swift */ = {isa = PBXFileReference; includeInIndex = 1; lastKnownFileType = sourcecode.swift; path = SyncSessionSecurity.swift; sourceTree = "<group>"; };
		F00600000000000000000005 /* SyncSessionSecurityTests.swift */ = {isa = PBXFileReference; includeInIndex = 1; lastKnownFileType = sourcecode.swift; path = SyncSessionSecurityTests.swift; sourceTree = "<group>"; };
		F00800000000000000000003 /* AntiEntropySyncEngine.swift */ = {isa = PBXFileReference; includeInIndex = 1; lastKnownFileType = sourcecode.swift; path = AntiEntropySyncEngine.swift; sourceTree = "<group>"; };
		F00800000000000000000005 /* AntiEntropySyncEngineTests.swift */ = {isa = PBXFileReference; includeInIndex = 1; lastKnownFileType = sourcecode.swift; path = AntiEntropySyncEngineTests.swift; sourceTree = "<group>"; };
		F00900000000000000000004 /* SyncSettingsModel.swift */ = {isa = PBXFileReference; includeInIndex = 1; lastKnownFileType = sourcecode.swift; path = SyncSettingsModel.swift; sourceTree = "<group>"; };
		F00900000000000000000005 /* SyncSettingsView.swift */ = {isa = PBXFileReference; includeInIndex = 1; lastKnownFileType = sourcecode.swift; path = SyncSettingsView.swift; sourceTree = "<group>"; };
		F00900000000000000000006 /* SyncSettingsModelTests.swift */ = {isa = PBXFileReference; includeInIndex = 1; lastKnownFileType = sourcecode.swift; path = SyncSettingsModelTests.swift; sourceTree = "<group>"; };
/* End PBXFileReference section */

/* Begin PBXFrameworksBuildPhase section */
		41562071F22901C52EA3475C /* Frameworks */ = {
			isa = PBXFrameworksBuildPhase;
			buildActionMask = 2147483647;
			files = (
				57E5B41458275BC362B10EA5 /* Cocoa.framework in Frameworks */,
				2BD256D799B7889555B3E09F /* SwiftState in Frameworks */,
				F0010000000000000000000F /* SwiftProtobuf in Frameworks */,
			);
			runOnlyForDeploymentPostprocessing = 0;
		};
		8A21B78527EE31A20009E5DB /* Frameworks */ = {
			isa = PBXFrameworksBuildPhase;
			buildActionMask = 2147483647;
			files = (
				8A7403A027FA19BB00E7F90B /* LaunchAtLogin in Frameworks */,
				8AA5B3EB281295DB00BE1A6C /* KeyboardShortcuts in Frameworks */,
				8A8CFE402821D8C300F9F303 /* SwiftState in Frameworks */,
				5E71A0012F00000100AA0001 /* Settings in Frameworks */,
				F0010000000000000000000E /* SwiftProtobuf in Frameworks */,
			);
			runOnlyForDeploymentPostprocessing = 0;
		};
		919FCC29447BA9798F00D9B5 /* Frameworks */ = {
			isa = PBXFrameworksBuildPhase;
			buildActionMask = 2147483647;
			files = (
				D045C8A63CA6AE9FD86A14AF /* Cocoa.framework in Frameworks */,
			);
			runOnlyForDeploymentPostprocessing = 0;
		};
/* End PBXFrameworksBuildPhase section */

/* Begin PBXGroup section */
		7E634B0C058937B67224E336 /* tomattUITests */ = {
			isa = PBXGroup;
			children = (
				87073BDD98C2DE6CB206177B /* tomattUITests.swift */,
			);
			name = tomattUITests;
			path = tomattUITests;
			sourceTree = "<group>";
		};
		8A21B77F27EE31A20009E5DB = {
			isa = PBXGroup;
			children = (
				8A21B78A27EE31A20009E5DB /* tomatt */,
				8A21B78927EE31A20009E5DB /* Products */,
				8A9F700D27EE3AED0012A1EC /* Frameworks */,
				FF80B78CB02E1493D588E507 /* tomattTests */,
				7E634B0C058937B67224E336 /* tomattUITests */,
			);
			sourceTree = "<group>";
		};
		8A21B78927EE31A20009E5DB /* Products */ = {
			isa = PBXGroup;
			children = (
				8A21B78827EE31A20009E5DB /* tomatt.app */,
				9E155026319C29FA989179EC /* tomattTests.xctest */,
				8572FA031991DEC4085BEF53 /* tomattUITests.xctest */,
			);
			name = Products;
			sourceTree = "<group>";
		};
		8A21B78A27EE31A20009E5DB /* tomatt */ = {
			isa = PBXGroup;
			children = (
				8A21B78B27EE31A20009E5DB /* App.swift */,
				D51000012F10000100AA0001 /* DesignSystem.swift */,
				1F9D7E285B6C4D3E8A9B0C1D /* EventCore.swift */,
				8AEE49AE2AA75A5E00243D2F /* Log.swift */,
				A1B2C3D45E6F001122334455 /* StatsStore.swift */,
				A1B2C3D45E6F001122334457 /* StatsView.swift */,
				F00400000000000000000006 /* LANTransport */,
				F00500000000000000000006 /* PairingCore */,
				F0020000000000000000000B /* SyncCore */,
				F00100000000000000000009 /* SyncProtocol */,
				F00300000000000000000006 /* SyncSecurity */,
				F00900000000000000000008 /* SyncUI */,
				8A21B78D27EE31A20009E5DB /* View.swift */,
				9EB9405B2B07605900198AD2 /* MaskView.swift */,
				8A9F700827EE396E0012A1EC /* State.swift */,
				8A9F701827EE3DAF0012A1EC /* Timer.swift */,
				8A9F701E27EE536D0012A1EC /* Player.swift */,
				8AA5B3F12812A74600BE1A6C /* Notifications.swift */,
				8A21B78F27EE31A30009E5DB /* Assets.xcassets */,
				8A21B79427EE31A30009E5DB /* tomatt.entitlements */,
				8AA54347293094AB002A47FC /* Localizable.strings */,
				223680CF684E6505B786436F /* TimerCore.swift */,
			);
			path = tomatt;
			sourceTree = "<group>";
		};
		8A9F700D27EE3AED0012A1EC /* Frameworks */ = {
			isa = PBXGroup;
			children = (
				B8CCFD7B53E7412EE6B60165 /* OS X */,
			);
			name = Frameworks;
			sourceTree = "<group>";
		};
		B8CCFD7B53E7412EE6B60165 /* OS X */ = {
			isa = PBXGroup;
			children = (
				AA8B426215F805A3DC702485 /* Cocoa.framework */,
			);
			name = "OS X";
			sourceTree = "<group>";
		};
		F00100000000000000000009 /* SyncProtocol */ = {
			isa = PBXGroup;
			children = (
				F00800000000000000000003 /* AntiEntropySyncEngine.swift */,
				F00200000000000000000008 /* TomattSyncProtoMapper.swift */,
				F00100000000000000000007 /* TomattSyncProtocolConventions.swift */,
				F0010000000000000000000A /* Generated */,
			);
			path = SyncProtocol;
			sourceTree = "<group>";
		};
		F0020000000000000000000B /* SyncCore */ = {
			isa = PBXGroup;
			children = (
				F00200000000000000000007 /* SyncCore.swift */,
			);
			path = SyncCore;
			sourceTree = "<group>";
		};
		F00300000000000000000006 /* SyncSecurity */ = {
			isa = PBXGroup;
			children = (
				F00300000000000000000004 /* SyncSecurity.swift */,
				F00600000000000000000004 /* SyncSessionSecurity.swift */,
			);
			path = SyncSecurity;
			sourceTree = "<group>";
		};
		F00400000000000000000006 /* LANTransport */ = {
			isa = PBXGroup;
			children = (
				F00400000000000000000004 /* LANTransport.swift */,
			);
			path = LANTransport;
			sourceTree = "<group>";
		};
		F00500000000000000000006 /* PairingCore */ = {
			isa = PBXGroup;
			children = (
				F00500000000000000000004 /* PairingCore.swift */,
			);
			path = PairingCore;
			sourceTree = "<group>";
		};
		F0010000000000000000000A /* Generated */ = {
			isa = PBXGroup;
			children = (
				F00100000000000000000006 /* tomatt_sync.pb.swift */,
			);
			path = Generated;
			sourceTree = "<group>";
		};
		F00900000000000000000008 /* SyncUI */ = {
			isa = PBXGroup;
			children = (
				F00900000000000000000004 /* SyncSettingsModel.swift */,
				F00900000000000000000005 /* SyncSettingsView.swift */,
			);
			path = SyncUI;
			sourceTree = "<group>";
		};
		FF80B78CB02E1493D588E507 /* tomattTests */ = {
			isa = PBXGroup;
			children = (
				1F9D7E295B6C4D3E8A9B0C1D /* EventCoreTests.swift */,
				F00200000000000000000009 /* SyncCoreTests.swift */,
				F00800000000000000000005 /* AntiEntropySyncEngineTests.swift */,
				F0020000000000000000000A /* SyncProtoMapperTests.swift */,
				F00300000000000000000005 /* SyncSecurityTests.swift */,
				F00600000000000000000005 /* SyncSessionSecurityTests.swift */,
				F00400000000000000000005 /* LANTransportTests.swift */,
				F00500000000000000000005 /* PairingCoreTests.swift */,
				F00100000000000000000008 /* SyncProtocolCompatibilityTests.swift */,
				F00900000000000000000006 /* SyncSettingsModelTests.swift */,
				388E3E479C6DCB4707993C61 /* StatsStoreTests.swift */,
				4F7E2E1A36F23D870F4446B1 /* TimerCoreTests.swift */,
			);
			name = tomattTests;
			path = tomattTests;
			sourceTree = "<group>";
		};
/* End PBXGroup section */

/* Begin PBXNativeTarget section */
		03CC429A5201B8B2DF440087 /* tomattTests */ = {
			isa = PBXNativeTarget;
			buildConfigurationList = E17E93C0BBAA6A7BC30E9414 /* Build configuration list for PBXNativeTarget "tomattTests" */;
			buildPhases = (
				48E95268F4668E4D16F2EBB4 /* Sources */,
				41562071F22901C52EA3475C /* Frameworks */,
				448B0CAF72CDE71A1EF8CD63 /* Resources */,
			);
			buildRules = (
			);
			dependencies = (
			);
			name = tomattTests;
			packageProductDependencies = (
				8A8CFE3F2821D8C300F9F303 /* SwiftState */,
				F0010000000000000000000D /* SwiftProtobuf */,
			);
			productName = tomattTests;
			productReference = 9E155026319C29FA989179EC /* tomattTests.xctest */;
			productType = "com.apple.product-type.bundle.unit-test";
		};
		87E639B3F6D3965CC3AB5778 /* tomattUITests */ = {
			isa = PBXNativeTarget;
			buildConfigurationList = B6396D05A439515A7E87B359 /* Build configuration list for PBXNativeTarget "tomattUITests" */;
			buildPhases = (
				80E48A2FDED7B838FAF5B4BA /* Sources */,
				919FCC29447BA9798F00D9B5 /* Frameworks */,
				A0BCFA671DC3C36D58A59317 /* Resources */,
			);
			buildRules = (
			);
			dependencies = (
				DA0F4A5DA994276F8221085E /* PBXTargetDependency */,
			);
			name = tomattUITests;
			productName = tomattUITests;
			productReference = 8572FA031991DEC4085BEF53 /* tomattUITests.xctest */;
			productType = "com.apple.product-type.bundle.ui-testing";
		};
		8A21B78727EE31A20009E5DB /* tomatt */ = {
			isa = PBXNativeTarget;
			buildConfigurationList = 8A21B79727EE31A30009E5DB /* Build configuration list for PBXNativeTarget "tomatt" */;
			buildPhases = (
				8A21B78427EE31A20009E5DB /* Sources */,
				8A21B78527EE31A20009E5DB /* Frameworks */,
				8A21B78627EE31A20009E5DB /* Resources */,
				8A7403A127FA1A4E00E7F90B /* Copy “Launch at Login Helper” */,
			);
			buildRules = (
			);
			dependencies = (
			);
			name = tomatt;
			packageProductDependencies = (
				8A74039F27FA19BB00E7F90B /* LaunchAtLogin */,
				8AA5B3EA281295DB00BE1A6C /* KeyboardShortcuts */,
				8A8CFE3F2821D8C300F9F303 /* SwiftState */,
				5E71A0032F00000100AA0003 /* Settings */,
				F0010000000000000000000D /* SwiftProtobuf */,
			);
			productName = tomatt;
			productReference = 8A21B78827EE31A20009E5DB /* tomatt.app */;
			productType = "com.apple.product-type.application";
		};
/* End PBXNativeTarget section */

/* Begin PBXProject section */
		8A21B78027EE31A20009E5DB /* Project object */ = {
			isa = PBXProject;
			attributes = {
				BuildIndependentTargetsInParallel = 1;
				LastSwiftUpdateCheck = 1330;
				LastUpgradeCheck = 1410;
				TargetAttributes = {
					8A21B78727EE31A20009E5DB = {
						CreatedOnToolsVersion = 13.3;
					};
				};
			};
			buildConfigurationList = 8A21B78327EE31A20009E5DB /* Build configuration list for PBXProject "tomatt" */;
			compatibilityVersion = "Xcode 13.0";
			developmentRegion = en;
			hasScannedForEncodings = 0;
			knownRegions = (
				en,
				Base,
				"zh-Hans",
				ko,
			);
			mainGroup = 8A21B77F27EE31A20009E5DB;
			packageReferences = (
				8A74039E27FA19BB00E7F90B /* XCRemoteSwiftPackageReference "LaunchAtLogin" */,
				8AA5B3E9281295DB00BE1A6C /* XCRemoteSwiftPackageReference "KeyboardShortcuts" */,
				8A8CFE3E2821D8C300F9F303 /* XCRemoteSwiftPackageReference "SwiftState" */,
				5E71A0022F00000100AA0002 /* XCRemoteSwiftPackageReference "Settings" */,
				F0010000000000000000000B /* XCRemoteSwiftPackageReference "swift-protobuf" */,
			);
			productRefGroup = 8A21B78927EE31A20009E5DB /* Products */;
			projectDirPath = "";
			projectRoot = "";
			targets = (
				8A21B78727EE31A20009E5DB /* tomatt */,
				03CC429A5201B8B2DF440087 /* tomattTests */,
				87E639B3F6D3965CC3AB5778 /* tomattUITests */,
			);
		};
/* End PBXProject section */

/* Begin PBXResourcesBuildPhase section */
		448B0CAF72CDE71A1EF8CD63 /* Resources */ = {
			isa = PBXResourcesBuildPhase;
			buildActionMask = 2147483647;
			files = (
			);
			runOnlyForDeploymentPostprocessing = 0;
		};
		8A21B78627EE31A20009E5DB /* Resources */ = {
			isa = PBXResourcesBuildPhase;
			buildActionMask = 2147483647;
			files = (
				8A21B79027EE31A30009E5DB /* Assets.xcassets in Resources */,
				8AA5434A2930F008002A47FC /* Localizable.strings in Resources */,
			);
			runOnlyForDeploymentPostprocessing = 0;
		};
		A0BCFA671DC3C36D58A59317 /* Resources */ = {
			isa = PBXResourcesBuildPhase;
			buildActionMask = 2147483647;
			files = (
			);
			runOnlyForDeploymentPostprocessing = 0;
		};
/* End PBXResourcesBuildPhase section */

/* Begin PBXShellScriptBuildPhase section */
		8A7403A127FA1A4E00E7F90B /* Copy “Launch at Login Helper” */ = {
			isa = PBXShellScriptBuildPhase;
			alwaysOutOfDate = 1;
			buildActionMask = 2147483647;
			files = (
			);
			inputFileListPaths = (
			);
			inputPaths = (
			);
			name = "Copy “Launch at Login Helper”";
			outputFileListPaths = (
			);
			outputPaths = (
			);
			runOnlyForDeploymentPostprocessing = 0;
			shellPath = /bin/sh;
			shellScript = "\"${BUILT_PRODUCTS_DIR}/LaunchAtLogin_LaunchAtLogin.bundle/Contents/Resources/copy-helper-swiftpm.sh\"\n";
		};
/* End PBXShellScriptBuildPhase section */

/* Begin PBXSourcesBuildPhase section */
		48E95268F4668E4D16F2EBB4 /* Sources */ = {
			isa = PBXSourcesBuildPhase;
			buildActionMask = 2147483647;
			files = (
				F00900000000000000000002 /* SyncSettingsModel.swift in Sources */,
				F00100000000000000000002 /* tomatt_sync.pb.swift in Sources */,
				F00100000000000000000004 /* TomattSyncProtocolConventions.swift in Sources */,
				F00200000000000000000002 /* SyncCore.swift in Sources */,
				F00800000000000000000002 /* AntiEntropySyncEngine.swift in Sources */,
				F00200000000000000000004 /* TomattSyncProtoMapper.swift in Sources */,
				F00300000000000000000002 /* SyncSecurity.swift in Sources */,
				F00600000000000000000002 /* SyncSessionSecurity.swift in Sources */,
				F00400000000000000000002 /* LANTransport.swift in Sources */,
				F00500000000000000000002 /* PairingCore.swift in Sources */,
				1F9D7E2B5B6C4D3E8A9B0C1D /* EventCore.swift in Sources */,
				AB2035D433978B43DE6C7022 /* TimerCore.swift in Sources */,
				56A8C70D6B03D1C004020CF9 /* State.swift in Sources */,
				58A073A7F324A70E63FA70C6 /* StatsStore.swift in Sources */,
				1F9D7E2C5B6C4D3E8A9B0C1D /* EventCoreTests.swift in Sources */,
				F00200000000000000000005 /* SyncCoreTests.swift in Sources */,
				F00800000000000000000004 /* AntiEntropySyncEngineTests.swift in Sources */,
				F00200000000000000000006 /* SyncProtoMapperTests.swift in Sources */,
				F00300000000000000000003 /* SyncSecurityTests.swift in Sources */,
				F00600000000000000000003 /* SyncSessionSecurityTests.swift in Sources */,
				F00400000000000000000003 /* LANTransportTests.swift in Sources */,
				F00500000000000000000003 /* PairingCoreTests.swift in Sources */,
				F00100000000000000000005 /* SyncProtocolCompatibilityTests.swift in Sources */,
				F00900000000000000000007 /* SyncSettingsModelTests.swift in Sources */,
				0B7DCF6E7688410D9EA5EC17 /* StatsStoreTests.swift in Sources */,
				1F27E2E80EB0AA9B5F3B320A /* TimerCoreTests.swift in Sources */,
			);
			runOnlyForDeploymentPostprocessing = 0;
		};
		80E48A2FDED7B838FAF5B4BA /* Sources */ = {
			isa = PBXSourcesBuildPhase;
			buildActionMask = 2147483647;
			files = (
				4C15FDB7CB99A3787BD262F1 /* tomattUITests.swift in Sources */,
			);
			runOnlyForDeploymentPostprocessing = 0;
		};
		8A21B78427EE31A20009E5DB /* Sources */ = {
			isa = PBXSourcesBuildPhase;
			buildActionMask = 2147483647;
			files = (
				F00900000000000000000001 /* SyncSettingsModel.swift in Sources */,
				F00900000000000000000003 /* SyncSettingsView.swift in Sources */,
				8A9F701F27EE536D0012A1EC /* Player.swift in Sources */,
				D51000022F10000100AA0002 /* DesignSystem.swift in Sources */,
				1F9D7E2A5B6C4D3E8A9B0C1D /* EventCore.swift in Sources */,
				F00100000000000000000001 /* tomatt_sync.pb.swift in Sources */,
				F00100000000000000000003 /* TomattSyncProtocolConventions.swift in Sources */,
				F00200000000000000000001 /* SyncCore.swift in Sources */,
				F00800000000000000000001 /* AntiEntropySyncEngine.swift in Sources */,
				F00200000000000000000003 /* TomattSyncProtoMapper.swift in Sources */,
				F00300000000000000000001 /* SyncSecurity.swift in Sources */,
				F00600000000000000000001 /* SyncSessionSecurity.swift in Sources */,
				F00400000000000000000001 /* LANTransport.swift in Sources */,
				F00500000000000000000001 /* PairingCore.swift in Sources */,
				8AEE49AF2AA75A5E00243D2F /* Log.swift in Sources */,
				A1B2C3D45E6F001122334456 /* StatsStore.swift in Sources */,
				A1B2C3D45E6F001122334458 /* StatsView.swift in Sources */,
				8A21B78E27EE31A20009E5DB /* View.swift in Sources */,
				9EB9405C2B07605900198AD2 /* MaskView.swift in Sources */,
				8A9F701927EE3DAF0012A1EC /* Timer.swift in Sources */,
				8A21B78C27EE31A20009E5DB /* App.swift in Sources */,
				8AA5B3F22812A74600BE1A6C /* Notifications.swift in Sources */,
				8A9F700927EE396E0012A1EC /* State.swift in Sources */,
				877612D6CD6327DB95EC98E3 /* TimerCore.swift in Sources */,
			);
			runOnlyForDeploymentPostprocessing = 0;
		};
/* End PBXSourcesBuildPhase section */

/* Begin PBXTargetDependency section */
		DA0F4A5DA994276F8221085E /* PBXTargetDependency */ = {
			isa = PBXTargetDependency;
			name = tomatt;
			target = 8A21B78727EE31A20009E5DB /* tomatt */;
			targetProxy = A002D447E2B842C2A2EE1340 /* PBXContainerItemProxy */;
		};
/* End PBXTargetDependency section */

/* Begin PBXVariantGroup section */
		8AA54347293094AB002A47FC /* Localizable.strings */ = {
			isa = PBXVariantGroup;
			children = (
				8AA54346293094AB002A47FC /* en */,
				C4C8DE0E2930DBB4003B1110 /* zh-Hans */,
				4CC11A472B6A28500012E8EC /* ko */,
			);
			name = Localizable.strings;
			sourceTree = "<group>";
		};
/* End PBXVariantGroup section */

/* Begin XCBuildConfiguration section */
		0DB85AB0623C538AA09E9151 /* Debug */ = {
			isa = XCBuildConfiguration;
			buildSettings = {
				CODE_SIGN_IDENTITY = "-";
				CODE_SIGN_STYLE = Automatic;
				DEVELOPMENT_TEAM = "";
				GENERATE_INFOPLIST_FILE = YES;
				MACOSX_DEPLOYMENT_TARGET = 11.0;
				PRODUCT_BUNDLE_IDENTIFIER = app.tomatt.tomatt.tests;
				PRODUCT_NAME = "$(TARGET_NAME)";
				SDKROOT = macosx;
				SWIFT_VERSION = 5.0;
			};
			name = Debug;
		};
		8A21B79527EE31A30009E5DB /* Debug */ = {
			isa = XCBuildConfiguration;
			buildSettings = {
				ALWAYS_SEARCH_USER_PATHS = NO;
				CLANG_ANALYZER_LOCALIZABILITY_NONLOCALIZED = YES;
				CLANG_ANALYZER_NONNULL = YES;
				CLANG_ANALYZER_NUMBER_OBJECT_CONVERSION = YES_AGGRESSIVE;
				CLANG_CXX_LANGUAGE_STANDARD = "gnu++17";
				CLANG_ENABLE_MODULES = YES;
				CLANG_ENABLE_OBJC_ARC = YES;
				CLANG_ENABLE_OBJC_WEAK = YES;
				CLANG_WARN_BLOCK_CAPTURE_AUTORELEASING = YES;
				CLANG_WARN_BOOL_CONVERSION = YES;
				CLANG_WARN_COMMA = YES;
				CLANG_WARN_CONSTANT_CONVERSION = YES;
				CLANG_WARN_DEPRECATED_OBJC_IMPLEMENTATIONS = YES;
				CLANG_WARN_DIRECT_OBJC_ISA_USAGE = YES_ERROR;
				CLANG_WARN_DOCUMENTATION_COMMENTS = YES;
				CLANG_WARN_EMPTY_BODY = YES;
				CLANG_WARN_ENUM_CONVERSION = YES;
				CLANG_WARN_INFINITE_RECURSION = YES;
				CLANG_WARN_INT_CONVERSION = YES;
				CLANG_WARN_NON_LITERAL_NULL_CONVERSION = YES;
				CLANG_WARN_OBJC_IMPLICIT_RETAIN_SELF = YES;
				CLANG_WARN_OBJC_LITERAL_CONVERSION = YES;
				CLANG_WARN_OBJC_ROOT_CLASS = YES_ERROR;
				CLANG_WARN_QUOTED_INCLUDE_IN_FRAMEWORK_HEADER = YES;
				CLANG_WARN_RANGE_LOOP_ANALYSIS = YES;
				CLANG_WARN_STRICT_PROTOTYPES = YES;
				CLANG_WARN_SUSPICIOUS_MOVE = YES;
				CLANG_WARN_UNGUARDED_AVAILABILITY = YES_AGGRESSIVE;
				CLANG_WARN_UNREACHABLE_CODE = YES;
				CLANG_WARN__DUPLICATE_METHOD_MATCH = YES;
				COPY_PHASE_STRIP = NO;
				DEAD_CODE_STRIPPING = YES;
				DEBUG_INFORMATION_FORMAT = dwarf;
				ENABLE_STRICT_OBJC_MSGSEND = YES;
				ENABLE_TESTABILITY = YES;
				GCC_C_LANGUAGE_STANDARD = gnu11;
				GCC_DYNAMIC_NO_PIC = NO;
				GCC_NO_COMMON_BLOCKS = YES;
				GCC_OPTIMIZATION_LEVEL = 0;
				GCC_PREPROCESSOR_DEFINITIONS = (
					"DEBUG=1",
					"$(inherited)",
				);
				GCC_WARN_64_TO_32_BIT_CONVERSION = YES;
				GCC_WARN_ABOUT_RETURN_TYPE = YES_ERROR;
				GCC_WARN_UNDECLARED_SELECTOR = YES;
				GCC_WARN_UNINITIALIZED_AUTOS = YES_AGGRESSIVE;
				GCC_WARN_UNUSED_FUNCTION = YES;
				GCC_WARN_UNUSED_VARIABLE = YES;
				MACOSX_DEPLOYMENT_TARGET = 12.3;
				MTL_ENABLE_DEBUG_INFO = INCLUDE_SOURCE;
				MTL_FAST_MATH = YES;
				ONLY_ACTIVE_ARCH = YES;
				SDKROOT = macosx;
				SWIFT_ACTIVE_COMPILATION_CONDITIONS = DEBUG;
				SWIFT_OPTIMIZATION_LEVEL = "-Onone";
			};
			name = Debug;
		};
		8A21B79627EE31A30009E5DB /* Release */ = {
			isa = XCBuildConfiguration;
			buildSettings = {
				ALWAYS_SEARCH_USER_PATHS = NO;
				CLANG_ANALYZER_LOCALIZABILITY_NONLOCALIZED = YES;
				CLANG_ANALYZER_NONNULL = YES;
				CLANG_ANALYZER_NUMBER_OBJECT_CONVERSION = YES_AGGRESSIVE;
				CLANG_CXX_LANGUAGE_STANDARD = "gnu++17";
				CLANG_ENABLE_MODULES = YES;
				CLANG_ENABLE_OBJC_ARC = YES;
				CLANG_ENABLE_OBJC_WEAK = YES;
				CLANG_WARN_BLOCK_CAPTURE_AUTORELEASING = YES;
				CLANG_WARN_BOOL_CONVERSION = YES;
				CLANG_WARN_COMMA = YES;
				CLANG_WARN_CONSTANT_CONVERSION = YES;
				CLANG_WARN_DEPRECATED_OBJC_IMPLEMENTATIONS = YES;
				CLANG_WARN_DIRECT_OBJC_ISA_USAGE = YES_ERROR;
				CLANG_WARN_DOCUMENTATION_COMMENTS = YES;
				CLANG_WARN_EMPTY_BODY = YES;
				CLANG_WARN_ENUM_CONVERSION = YES;
				CLANG_WARN_INFINITE_RECURSION = YES;
				CLANG_WARN_INT_CONVERSION = YES;
				CLANG_WARN_NON_LITERAL_NULL_CONVERSION = YES;
				CLANG_WARN_OBJC_IMPLICIT_RETAIN_SELF = YES;
				CLANG_WARN_OBJC_LITERAL_CONVERSION = YES;
				CLANG_WARN_OBJC_ROOT_CLASS = YES_ERROR;
				CLANG_WARN_QUOTED_INCLUDE_IN_FRAMEWORK_HEADER = YES;
				CLANG_WARN_RANGE_LOOP_ANALYSIS = YES;
				CLANG_WARN_STRICT_PROTOTYPES = YES;
				CLANG_WARN_SUSPICIOUS_MOVE = YES;
				CLANG_WARN_UNGUARDED_AVAILABILITY = YES_AGGRESSIVE;
				CLANG_WARN_UNREACHABLE_CODE = YES;
				CLANG_WARN__DUPLICATE_METHOD_MATCH = YES;
				COPY_PHASE_STRIP = NO;
				DEAD_CODE_STRIPPING = YES;
				DEBUG_INFORMATION_FORMAT = "dwarf-with-dsym";
				ENABLE_NS_ASSERTIONS = NO;
				ENABLE_STRICT_OBJC_MSGSEND = YES;
				GCC_C_LANGUAGE_STANDARD = gnu11;
				GCC_NO_COMMON_BLOCKS = YES;
				GCC_WARN_64_TO_32_BIT_CONVERSION = YES;
				GCC_WARN_ABOUT_RETURN_TYPE = YES_ERROR;
				GCC_WARN_UNDECLARED_SELECTOR = YES;
				GCC_WARN_UNINITIALIZED_AUTOS = YES_AGGRESSIVE;
				GCC_WARN_UNUSED_FUNCTION = YES;
				GCC_WARN_UNUSED_VARIABLE = YES;
				MACOSX_DEPLOYMENT_TARGET = 12.3;
				MTL_ENABLE_DEBUG_INFO = NO;
				MTL_FAST_MATH = YES;
				SDKROOT = macosx;
				SWIFT_COMPILATION_MODE = wholemodule;
				SWIFT_OPTIMIZATION_LEVEL = "-O";
			};
			name = Release;
		};
		8A21B79827EE31A30009E5DB /* Debug */ = {
			isa = XCBuildConfiguration;
			buildSettings = {
				ASSETCATALOG_COMPILER_APPICON_NAME = AppIcon;
				ASSETCATALOG_COMPILER_GLOBAL_ACCENT_COLOR_NAME = AccentColor;
				CODE_SIGN_ENTITLEMENTS = tomatt/tomatt.entitlements;
				CODE_SIGN_IDENTITY = "-";
				CODE_SIGN_STYLE = Automatic;
				COMBINE_HIDPI_IMAGES = YES;
				CURRENT_PROJECT_VERSION = 1;
				DEAD_CODE_STRIPPING = YES;
				DEVELOPMENT_TEAM = "";
				ENABLE_HARDENED_RUNTIME = YES;
				GENERATE_INFOPLIST_FILE = YES;
				INFOPLIST_FILE = tomatt/Info.plist;
				INFOPLIST_KEY_CFBundleDisplayName = tomatt;
				INFOPLIST_KEY_CFBundleName = tomatt;
				INFOPLIST_KEY_LSApplicationCategoryType = "public.app-category.productivity";
				INFOPLIST_KEY_LSUIElement = YES;
				INFOPLIST_KEY_NSBonjourServices = (
					"_tomatt-sync._tcp",
				);
				INFOPLIST_KEY_NSHumanReadableCopyright = "Copyright © 2026 tomatt. All rights reserved.";
				INFOPLIST_KEY_NSLocalNetworkUsageDescription = "tomatt uses the local network only when you choose to set up encrypted sync with nearby paired devices.";
				LD_RUNPATH_SEARCH_PATHS = (
					"$(inherited)",
					"@executable_path/../Frameworks",
				);
				MACOSX_DEPLOYMENT_TARGET = 11.0;
				MARKETING_VERSION = 3.0;
				PRODUCT_BUNDLE_IDENTIFIER = app.tomatt.tomatt;
				PRODUCT_NAME = "$(TARGET_NAME)";
				SWIFT_EMIT_LOC_STRINGS = YES;
				SWIFT_VERSION = 5.0;
				SYSTEM_FRAMEWORK_SEARCH_PATHS = (
					"$(inherited)",
					"$(SYSTEM_LIBRARY_DIR)/PrivateFrameworks",
				);
			};
			name = Debug;
		};
		8A21B79927EE31A30009E5DB /* Release */ = {
			isa = XCBuildConfiguration;
			buildSettings = {
				ASSETCATALOG_COMPILER_APPICON_NAME = AppIcon;
				ASSETCATALOG_COMPILER_GLOBAL_ACCENT_COLOR_NAME = AccentColor;
				CODE_SIGN_ENTITLEMENTS = tomatt/tomatt.entitlements;
				CODE_SIGN_IDENTITY = "-";
				CODE_SIGN_STYLE = Automatic;
				COMBINE_HIDPI_IMAGES = YES;
				CURRENT_PROJECT_VERSION = 1;
				DEAD_CODE_STRIPPING = YES;
				DEVELOPMENT_TEAM = "";
				ENABLE_HARDENED_RUNTIME = YES;
				GENERATE_INFOPLIST_FILE = YES;
				INFOPLIST_FILE = tomatt/Info.plist;
				INFOPLIST_KEY_CFBundleDisplayName = tomatt;
				INFOPLIST_KEY_CFBundleName = tomatt;
				INFOPLIST_KEY_LSApplicationCategoryType = "public.app-category.productivity";
				INFOPLIST_KEY_LSUIElement = YES;
				INFOPLIST_KEY_NSBonjourServices = (
					"_tomatt-sync._tcp",
				);
				INFOPLIST_KEY_NSHumanReadableCopyright = "Copyright © 2026 tomatt. All rights reserved.";
				INFOPLIST_KEY_NSLocalNetworkUsageDescription = "tomatt uses the local network only when you choose to set up encrypted sync with nearby paired devices.";
				LD_RUNPATH_SEARCH_PATHS = (
					"$(inherited)",
					"@executable_path/../Frameworks",
				);
				MACOSX_DEPLOYMENT_TARGET = 11.0;
				MARKETING_VERSION = 3.0;
				PRODUCT_BUNDLE_IDENTIFIER = app.tomatt.tomatt;
				PRODUCT_NAME = "$(TARGET_NAME)";
				SWIFT_EMIT_LOC_STRINGS = YES;
				SWIFT_VERSION = 5.0;
				SYSTEM_FRAMEWORK_SEARCH_PATHS = (
					"$(inherited)",
					"$(SYSTEM_LIBRARY_DIR)/PrivateFrameworks",
				);
			};
			name = Release;
		};
		9259C9771F23B2A640DEC4E4 /* Release */ = {
			isa = XCBuildConfiguration;
			buildSettings = {
				CODE_SIGN_IDENTITY = "-";
				CODE_SIGN_STYLE = Automatic;
				DEVELOPMENT_TEAM = "";
				GENERATE_INFOPLIST_FILE = YES;
				MACOSX_DEPLOYMENT_TARGET = 11.0;
				PRODUCT_BUNDLE_IDENTIFIER = app.tomatt.tomatt.uitests;
				PRODUCT_NAME = "$(TARGET_NAME)";
				SDKROOT = macosx;
				SWIFT_VERSION = 5.0;
				TEST_TARGET_NAME = tomatt;
			};
			name = Release;
		};
		C050A8C6E1A7F6AC24BCD3B9 /* Release */ = {
			isa = XCBuildConfiguration;
			buildSettings = {
				CODE_SIGN_IDENTITY = "-";
				CODE_SIGN_STYLE = Automatic;
				DEVELOPMENT_TEAM = "";
				GENERATE_INFOPLIST_FILE = YES;
				MACOSX_DEPLOYMENT_TARGET = 11.0;
				PRODUCT_BUNDLE_IDENTIFIER = app.tomatt.tomatt.tests;
				PRODUCT_NAME = "$(TARGET_NAME)";
				SDKROOT = macosx;
				SWIFT_VERSION = 5.0;
			};
			name = Release;
		};
		CA212EE557EADB42C846BB83 /* Debug */ = {
			isa = XCBuildConfiguration;
			buildSettings = {
				CODE_SIGN_IDENTITY = "-";
				CODE_SIGN_STYLE = Automatic;
				DEVELOPMENT_TEAM = "";
				GENERATE_INFOPLIST_FILE = YES;
				MACOSX_DEPLOYMENT_TARGET = 11.0;
				PRODUCT_BUNDLE_IDENTIFIER = app.tomatt.tomatt.uitests;
				PRODUCT_NAME = "$(TARGET_NAME)";
				SDKROOT = macosx;
				SWIFT_VERSION = 5.0;
				TEST_TARGET_NAME = tomatt;
			};
			name = Debug;
		};
/* End XCBuildConfiguration section */

/* Begin XCConfigurationList section */
		8A21B78327EE31A20009E5DB /* Build configuration list for PBXProject "tomatt" */ = {
			isa = XCConfigurationList;
			buildConfigurations = (
				8A21B79527EE31A30009E5DB /* Debug */,
				8A21B79627EE31A30009E5DB /* Release */,
			);
			defaultConfigurationIsVisible = 0;
			defaultConfigurationName = Release;
		};
		8A21B79727EE31A30009E5DB /* Build configuration list for PBXNativeTarget "tomatt" */ = {
			isa = XCConfigurationList;
			buildConfigurations = (
				8A21B79827EE31A30009E5DB /* Debug */,
				8A21B79927EE31A30009E5DB /* Release */,
			);
			defaultConfigurationIsVisible = 0;
			defaultConfigurationName = Release;
		};
		B6396D05A439515A7E87B359 /* Build configuration list for PBXNativeTarget "tomattUITests" */ = {
			isa = XCConfigurationList;
			buildConfigurations = (
				9259C9771F23B2A640DEC4E4 /* Release */,
				CA212EE557EADB42C846BB83 /* Debug */,
			);
			defaultConfigurationIsVisible = 0;
			defaultConfigurationName = Release;
		};
		E17E93C0BBAA6A7BC30E9414 /* Build configuration list for PBXNativeTarget "tomattTests" */ = {
			isa = XCConfigurationList;
			buildConfigurations = (
				C050A8C6E1A7F6AC24BCD3B9 /* Release */,
				0DB85AB0623C538AA09E9151 /* Debug */,
			);
			defaultConfigurationIsVisible = 0;
			defaultConfigurationName = Release;
		};
/* End XCConfigurationList section */

/* Begin XCRemoteSwiftPackageReference section */
		5E71A0022F00000100AA0002 /* XCRemoteSwiftPackageReference "Settings" */ = {
			isa = XCRemoteSwiftPackageReference;
			repositoryURL = "https://github.com/sindresorhus/Settings";
			requirement = {
				kind = upToNextMajorVersion;
				minimumVersion = 3.1.1;
			};
		};
		8A74039E27FA19BB00E7F90B /* XCRemoteSwiftPackageReference "LaunchAtLogin" */ = {
			isa = XCRemoteSwiftPackageReference;
			repositoryURL = "https://github.com/sindresorhus/LaunchAtLogin";
			requirement = {
				kind = exactVersion;
				version = 5.0.2;
			};
		};
		8A8CFE3E2821D8C300F9F303 /* XCRemoteSwiftPackageReference "SwiftState" */ = {
			isa = XCRemoteSwiftPackageReference;
			repositoryURL = "https://github.com/ReactKit/SwiftState";
			requirement = {
				branch = swift/5.0;
				kind = branch;
			};
		};
		8AA5B3E9281295DB00BE1A6C /* XCRemoteSwiftPackageReference "KeyboardShortcuts" */ = {
			isa = XCRemoteSwiftPackageReference;
			repositoryURL = "https://github.com/sindresorhus/KeyboardShortcuts";
			requirement = {
				kind = exactVersion;
				version = 2.4.0;
			};
		};
		F0010000000000000000000B /* XCRemoteSwiftPackageReference "swift-protobuf" */ = {
			isa = XCRemoteSwiftPackageReference;
			repositoryURL = "https://github.com/apple/swift-protobuf";
			requirement = {
				kind = exactVersion;
				version = 1.38.0;
			};
		};
/* End XCRemoteSwiftPackageReference section */

/* Begin XCSwiftPackageProductDependency section */
		5E71A0032F00000100AA0003 /* Settings */ = {
			isa = XCSwiftPackageProductDependency;
			package = 5E71A0022F00000100AA0002 /* XCRemoteSwiftPackageReference "Settings" */;
			productName = Settings;
		};
		8A74039F27FA19BB00E7F90B /* LaunchAtLogin */ = {
			isa = XCSwiftPackageProductDependency;
			package = 8A74039E27FA19BB00E7F90B /* XCRemoteSwiftPackageReference "LaunchAtLogin" */;
			productName = LaunchAtLogin;
		};
		8A8CFE3F2821D8C300F9F303 /* SwiftState */ = {
			isa = XCSwiftPackageProductDependency;
			package = 8A8CFE3E2821D8C300F9F303 /* XCRemoteSwiftPackageReference "SwiftState" */;
			productName = SwiftState;
		};
		8AA5B3EA281295DB00BE1A6C /* KeyboardShortcuts */ = {
			isa = XCSwiftPackageProductDependency;
			package = 8AA5B3E9281295DB00BE1A6C /* XCRemoteSwiftPackageReference "KeyboardShortcuts" */;
			productName = KeyboardShortcuts;
		};
		F0010000000000000000000D /* SwiftProtobuf */ = {
			isa = XCSwiftPackageProductDependency;
			package = F0010000000000000000000B /* XCRemoteSwiftPackageReference "swift-protobuf" */;
			productName = SwiftProtobuf;
		};
/* End XCSwiftPackageProductDependency section */
	};
	rootObject = 8A21B78027EE31A20009E5DB /* Project object */;
}
